
Microsoft Visual Studio Solution File, Format Version 12.00
# Visual Studio Version 17
VisualStudioVersion = 17.9.34622.214
MinimumVisualStudioVersion = 10.0.40219.1
Project("{FAE04EC0-301F-11D3-BF4B-00C04F79EFBC}") = "Laboratorio 05", "Laboratorio 05\Laboratorio 05.csproj", "{88F15A8A-6861-48CB-949A-A246E91D1072}"
EndProject
Global
	GlobalSection(SolutionConfigurationPlatforms) = preSolution
		Debug|Any CPU = Debug|Any CPU
		Release|Any CPU = Release|Any CPU
	EndGlobalSection
	GlobalSection(ProjectConfigurationPlatforms) = postSolution
		{88F15A8A-6861-48CB-949A-A246E91D1072}.Debug|Any CPU.ActiveCfg = Debug|Any CPU
		{88F15A8A-6861-48CB-949A-A246E91D1072}.Debug|Any CPU.Build.0 = Debug|Any CPU
		{88F15A8A-6861-48CB-949A-A246E91D1072}.Release|Any CPU.ActiveCfg = Release|Any CPU
		{88F15A8A-6861-48CB-949A-A246E91D1072}.Release|Any CPU.Build.0 = Release|Any CPU
	EndGlobalSection
	GlobalSection(SolutionProperties) = preSolution
		HideSolutionNode = FALSE
	EndGlobalSection
	GlobalSection(ExtensibilityGlobals) = postSolution
		SolutionGuid = {DB057FCE-3D5E-441B-AA17-EAC93CF03A3B}
	EndGlobalSection
EndGlobal
